
Microsoft Visual Studio Solution File, Format Version 12.00
# Visual Studio 2013
VisualStudioVersion = 12.0.30723.0
MinimumVisualStudioVersion = 10.0.40219.1
Project("{FAE04EC0-301F-11D3-BF4B-00C04F79EFBC}") = "DiamondApp", "DiamondApp\DiamondApp.csproj", "{AAA3A94F-7CB9-4A84-8264-DF2F34555819}"
EndProject
Project("{FAE04EC0-301F-11D3-BF4B-00C04F79EFBC}") = "DiamondAppTests", "DiamondAppTests\DiamondAppTests.csproj", "{72679EAB-313F-433F-B0CE-8020CF92EB4A}"
EndProject
Project("{2150E333-8FDC-42A3-9474-1A3956D46DE8}") = ".nuget", ".nuget", "{9950B163-C2D7-42D3-9D32-415C67748C0B}"
EndProject
Global
	GlobalSection(SolutionConfigurationPlatforms) = preSolution
		Debug|Any CPU = Debug|Any CPU
		Release|Any CPU = Release|Any CPU
	EndGlobalSection
	GlobalSection(ProjectConfigurationPlatforms) = postSolution
		{AAA3A94F-7CB9-4A84-8264-DF2F34555819}.Debug|Any CPU.ActiveCfg = Debug|Any CPU
		{AAA3A94F-7CB9-4A84-8264-DF2F34555819}.Debug|Any CPU.Build.0 = Debug|Any CPU
		{AAA3A94F-7CB9-4A84-8264-DF2F34555819}.Release|Any CPU.ActiveCfg = Release|Any CPU
		{AAA3A94F-7CB9-4A84-8264-DF2F34555819}.Release|Any CPU.Build.0 = Release|Any CPU
		{72679EAB-313F-433F-B0CE-8020CF92EB4A}.Debug|Any CPU.ActiveCfg = Debug|Any CPU
		{72679EAB-313F-433F-B0CE-8020CF92EB4A}.Debug|Any CPU.Build.0 = Debug|Any CPU
		{72679EAB-313F-433F-B0CE-8020CF92EB4A}.Release|Any CPU.ActiveCfg = Release|Any CPU
		{72679EAB-313F-433F-B0CE-8020CF92EB4A}.Release|Any CPU.Build.0 = Release|Any CPU
	EndGlobalSection
	GlobalSection(SolutionProperties) = preSolution
		HideSolutionNode = FALSE
	EndGlobalSection
EndGlobal
